
Microsoft Visual Studio Solution File, Format Version 12.00
# Visual Studio Version 17
VisualStudioVersion = 17.0.31903.59
MinimumVisualStudioVersion = 10.0.40219.1
Project("{FAE04EC0-301F-11D3-BF4B-00C04F79EFBC}") = "OpaDotNet.Extensions.AspNetCore", "src\OpaDotNet.Extensions.AspNetCore\OpaDotNet.Extensions.AspNetCore.csproj", "{A820871F-2A6B-4FA4-91F3-5C70CF388730}"
EndProject
Project("{2150E333-8FDC-42A3-9474-1A3956D46DE8}") = "tests", "tests", "{8D4A1273-59AE-406F-BEA9-46E148935FF2}"
EndProject
Project("{FAE04EC0-301F-11D3-BF4B-00C04F79EFBC}") = "OpaDotNet.Extensions.AspNetCore.Tests", "tests\OpaDotNet.Extensions.AspNetCore.Tests\OpaDotNet.Extensions.AspNetCore.Tests.csproj", "{8743CA2A-40B7-4317-AF6E-D38D9F30E885}"
EndProject
Project("{FAE04EC0-301F-11D3-BF4B-00C04F79EFBC}") = "WebApp", "samples\WebApp\WebApp.csproj", "{C4C7BF03-62CF-436D-BC15-0987DD73415C}"
EndProject
Project("{2150E333-8FDC-42A3-9474-1A3956D46DE8}") = "samples", "samples", "{832BE2E7-D670-4541-9416-B36B7F34061E}"
EndProject
Project("{FAE04EC0-301F-11D3-BF4B-00C04F79EFBC}") = "YarpApp", "samples\YarpApp\YarpApp.csproj", "{925C41A6-8664-41A7-8CB8-5DD9027867B2}"
EndProject
Project("{FAE04EC0-301F-11D3-BF4B-00C04F79EFBC}") = "CustomBuiltins", "samples\CustomBuiltins\CustomBuiltins.csproj", "{A3B4A0BB-96EF-4F49-B99D-BF9CD02CEB71}"
EndProject
Global
	GlobalSection(SolutionConfigurationPlatforms) = preSolution
		Debug|Any CPU = Debug|Any CPU
		Release|Any CPU = Release|Any CPU
	EndGlobalSection
	GlobalSection(SolutionProperties) = preSolution
		HideSolutionNode = FALSE
	EndGlobalSection
	GlobalSection(ProjectConfigurationPlatforms) = postSolution
		{A820871F-2A6B-4FA4-91F3-5C70CF388730}.Debug|Any CPU.ActiveCfg = Debug|Any CPU
		{A820871F-2A6B-4FA4-91F3-5C70CF388730}.Debug|Any CPU.Build.0 = Debug|Any CPU
		{A820871F-2A6B-4FA4-91F3-5C70CF388730}.Release|Any CPU.ActiveCfg = Release|Any CPU
		{A820871F-2A6B-4FA4-91F3-5C70CF388730}.Release|Any CPU.Build.0 = Release|Any CPU
		{8743CA2A-40B7-4317-AF6E-D38D9F30E885}.Debug|Any CPU.ActiveCfg = Debug|Any CPU
		{8743CA2A-40B7-4317-AF6E-D38D9F30E885}.Debug|Any CPU.Build.0 = Debug|Any CPU
		{8743CA2A-40B7-4317-AF6E-D38D9F30E885}.Release|Any CPU.ActiveCfg = Release|Any CPU
		{8743CA2A-40B7-4317-AF6E-D38D9F30E885}.Release|Any CPU.Build.0 = Release|Any CPU
		{C4C7BF03-62CF-436D-BC15-0987DD73415C}.Debug|Any CPU.ActiveCfg = Debug|Any CPU
		{C4C7BF03-62CF-436D-BC15-0987DD73415C}.Debug|Any CPU.Build.0 = Debug|Any CPU
		{C4C7BF03-62CF-436D-BC15-0987DD73415C}.Release|Any CPU.ActiveCfg = Release|Any CPU
		{C4C7BF03-62CF-436D-BC15-0987DD73415C}.Release|Any CPU.Build.0 = Release|Any CPU
		{925C41A6-8664-41A7-8CB8-5DD9027867B2}.Debug|Any CPU.ActiveCfg = Debug|Any CPU
		{925C41A6-8664-41A7-8CB8-5DD9027867B2}.Debug|Any CPU.Build.0 = Debug|Any CPU
		{925C41A6-8664-41A7-8CB8-5DD9027867B2}.Release|Any CPU.ActiveCfg = Release|Any CPU
		{925C41A6-8664-41A7-8CB8-5DD9027867B2}.Release|Any CPU.Build.0 = Release|Any CPU
		{A3B4A0BB-96EF-4F49-B99D-BF9CD02CEB71}.Debug|Any CPU.ActiveCfg = Debug|Any CPU
		{A3B4A0BB-96EF-4F49-B99D-BF9CD02CEB71}.Debug|Any CPU.Build.0 = Debug|Any CPU
		{A3B4A0BB-96EF-4F49-B99D-BF9CD02CEB71}.Release|Any CPU.ActiveCfg = Release|Any CPU
		{A3B4A0BB-96EF-4F49-B99D-BF9CD02CEB71}.Release|Any CPU.Build.0 = Release|Any CPU
	EndGlobalSection
	GlobalSection(NestedProjects) = preSolution
		{8743CA2A-40B7-4317-AF6E-D38D9F30E885} = {8D4A1273-59AE-406F-BEA9-46E148935FF2}
		{C4C7BF03-62CF-436D-BC15-0987DD73415C} = {832BE2E7-D670-4541-9416-B36B7F34061E}
		{925C41A6-8664-41A7-8CB8-5DD9027867B2} = {832BE2E7-D670-4541-9416-B36B7F34061E}
		{A3B4A0BB-96EF-4F49-B99D-BF9CD02CEB71} = {832BE2E7-D670-4541-9416-B36B7F34061E}
	EndGlobalSection
EndGlobal
